// !$*UTF8*$!
{
	archiveVersion = 1;
	classes = {
	};
	objectVersion = 52;
	objects = {

/* Begin PBXBuildFile section */
		D3298EB5257856DE005874E5 /* AppDelegate.swift in Sources */ = {isa = PBXBuildFile; fileRef = D3298EB4257856DE005874E5 /* AppDelegate.swift */; };
		D3393CBC257EA0F500220CE3 /* IAPReceiptVerifier.swift in Sources */ = {isa = PBXBuildFile; fileRef = D3393CB9257EA0F500220CE3 /* IAPReceiptVerifier.swift */; };
		D3393CBD257EA0F500220CE3 /* RSAKey.swift in Sources */ = {isa = PBXBuildFile; fileRef = D3393CBA257EA0F500220CE3 /* RSAKey.swift */; };
		D3393CBE257EA0F500220CE3 /* Data+IAPReceiptVerifier.swift in Sources */ = {isa = PBXBuildFile; fileRef = D3393CBB257EA0F500220CE3 /* Data+IAPReceiptVerifier.swift */; };
		D34650F0253786E500F701EA /* InsomniOwlApp.swift in Sources */ = {isa = PBXBuildFile; fileRef = D34650EF253786E500F701EA /* InsomniOwlApp.swift */; };
		D34650F2253786E500F701EA /* ContentView.swift in Sources */ = {isa = PBXBuildFile; fileRef = D34650F1253786E500F701EA /* ContentView.swift */; };
		D34650F4253786E700F701EA /* Assets.xcassets in Resources */ = {isa = PBXBuildFile; fileRef = D34650F3253786E700F701EA /* Assets.xcassets */; };
		D34650F7253786E700F701EA /* Preview Assets.xcassets in Resources */ = {isa = PBXBuildFile; fileRef = D34650F6253786E700F701EA /* Preview Assets.xcassets */; };
		D34651012537878A00F701EA /* Owl.swift in Sources */ = {isa = PBXBuildFile; fileRef = D34651002537878A00F701EA /* Owl.swift */; };
		D34651082538C91500F701EA /* OwlDLCView.swift in Sources */ = {isa = PBXBuildFile; fileRef = D34651072538C91500F701EA /* OwlDLCView.swift */; };
		D34EAE06257AF14E00A913AF /* StoreKitTestCertificate.cer in Resources */ = {isa = PBXBuildFile; fileRef = D34EAE05257AF14E00A913AF /* StoreKitTestCertificate.cer */; };
		D35EBD6A257AE89D00A592F3 /* opensslconf.h.orig in Resources */ = {isa = PBXBuildFile; fileRef = D35EBD10257AE89D00A592F3 /* opensslconf.h.orig */; };
		D35EBD6B257AE89D00A592F3 /* libcrypto.a in Frameworks */ = {isa = PBXBuildFile; fileRef = D35EBD68257AE89D00A592F3 /* libcrypto.a */; };
		D35EBD6C257AE89D00A592F3 /* libssl.a in Frameworks */ = {isa = PBXBuildFile; fileRef = D35EBD69257AE89D00A592F3 /* libssl.a */; };
		D35EBD77257AE90800A592F3 /* IAPReceipt.swift in Sources */ = {isa = PBXBuildFile; fileRef = D35EBD74257AE90800A592F3 /* IAPReceipt.swift */; };
		D35EBD78257AE90800A592F3 /* Receipt.swift in Sources */ = {isa = PBXBuildFile; fileRef = D35EBD75257AE90800A592F3 /* Receipt.swift */; };
		D35EBD79257AE90800A592F3 /* ASN1Helpers.swift in Sources */ = {isa = PBXBuildFile; fileRef = D35EBD76257AE90800A592F3 /* ASN1Helpers.swift */; };
		D35EBD88257AEB3600A592F3 /* AppleIncRootCertificate.cer in Resources */ = {isa = PBXBuildFile; fileRef = D35EBD87257AEB3600A592F3 /* AppleIncRootCertificate.cer */; };
		D3A585A525796419005F2A86 /* SwiftKeychainWrapper in Frameworks */ = {isa = PBXBuildFile; productRef = D3A585A425796419005F2A86 /* SwiftKeychainWrapper */; };
		D3A585B025799A44005F2A86 /* InsomniOwlTests.swift in Sources */ = {isa = PBXBuildFile; fileRef = D3A585AF25799A44005F2A86 /* InsomniOwlTests.swift */; };
		D3A585B925799A56005F2A86 /* Configuration.storekit in Resources */ = {isa = PBXBuildFile; fileRef = D3A585A1257958F2005F2A86 /* Configuration.storekit */; };
		D3BE14FF257F2E8500A01411 /* AppleReceiptValidationResponse.swift in Sources */ = {isa = PBXBuildFile; fileRef = D3BE14FE257F2E8500A01411 /* AppleReceiptValidationResponse.swift */; };
		D3FA6BAC2577FB3600E2047D /* StoreKit.framework in Frameworks */ = {isa = PBXBuildFile; fileRef = D3FA6BAB2577FB3600E2047D /* StoreKit.framework */; };
		D3FA6BB5257832F000E2047D /* IAPStore.swift in Sources */ = {isa = PBXBuildFile; fileRef = D3FA6BB4257832F000E2047D /* IAPStore.swift */; };
		D3FA6BB82578330C00E2047D /* OwlProducts.swift in Sources */ = {isa = PBXBuildFile; fileRef = D3FA6BB72578330C00E2047D /* OwlProducts.swift */; };
/* End PBXBuildFile section */

/* Begin PBXContainerItemProxy section */
		D3A585B225799A44005F2A86 /* PBXContainerItemProxy */ = {
			isa = PBXContainerItemProxy;
			containerPortal = D34650E4253786E500F701EA /* Project object */;
			proxyType = 1;
			remoteGlobalIDString = D34650EB253786E500F701EA;
			remoteInfo = InsomniOwl;
		};
/* End PBXContainerItemProxy section */

/* Begin PBXFileReference section */
		D3298EB4257856DE005874E5 /* AppDelegate.swift */ = {isa = PBXFileReference; lastKnownFileType = sourcecode.swift; path = AppDelegate.swift; sourceTree = "<group>"; };
		D3393CB9257EA0F500220CE3 /* IAPReceiptVerifier.swift */ = {isa = PBXFileReference; fileEncoding = 4; lastKnownFileType = sourcecode.swift; path = IAPReceiptVerifier.swift; sourceTree = "<group>"; };
		D3393CBA257EA0F500220CE3 /* RSAKey.swift */ = {isa = PBXFileReference; fileEncoding = 4; lastKnownFileType = sourcecode.swift; path = RSAKey.swift; sourceTree = "<group>"; };
		D3393CBB257EA0F500220CE3 /* Data+IAPReceiptVerifier.swift */ = {isa = PBXFileReference; fileEncoding = 4; lastKnownFileType = sourcecode.swift; path = "Data+IAPReceiptVerifier.swift"; sourceTree = "<group>"; };
		D34650EC253786E500F701EA /* InsomniOwl.app */ = {isa = PBXFileReference; explicitFileType = wrapper.application; includeInIndex = 0; path = InsomniOwl.app; sourceTree = BUILT_PRODUCTS_DIR; };
		D34650EF253786E500F701EA /* InsomniOwlApp.swift */ = {isa = PBXFileReference; lastKnownFileType = sourcecode.swift; path = InsomniOwlApp.swift; sourceTree = "<group>"; };
		D34650F1253786E500F701EA /* ContentView.swift */ = {isa = PBXFileReference; lastKnownFileType = sourcecode.swift; path = ContentView.swift; sourceTree = "<group>"; };
		D34650F3253786E700F701EA /* Assets.xcassets */ = {isa = PBXFileReference; lastKnownFileType = folder.assetcatalog; path = Assets.xcassets; sourceTree = "<group>"; };
		D34650F6253786E700F701EA /* Preview Assets.xcassets */ = {isa = PBXFileReference; lastKnownFileType = folder.assetcatalog; path = "Preview Assets.xcassets"; sourceTree = "<group>"; };
		D34650F8253786E700F701EA /* Info.plist */ = {isa = PBXFileReference; lastKnownFileType = text.plist.xml; path = Info.plist; sourceTree = "<group>"; };
		D34651002537878A00F701EA /* Owl.swift */ = {isa = PBXFileReference; lastKnownFileType = sourcecode.swift; path = Owl.swift; sourceTree = "<group>"; };
		D34651072538C91500F701EA /* OwlDLCView.swift */ = {isa = PBXFileReference; lastKnownFileType = sourcecode.swift; path = OwlDLCView.swift; sourceTree = "<group>"; };
		D34EAE05257AF14E00A913AF /* StoreKitTestCertificate.cer */ = {isa = PBXFileReference; lastKnownFileType = file; name = StoreKitTestCertificate.cer; path = InsomniOwl/StoreKitTestCertificate.cer; sourceTree = "<group>"; };
		D35EBCFD257AE89D00A592F3 /* pem2.h */ = {isa = PBXFileReference; fileEncoding = 4; lastKnownFileType = sourcecode.c.h; path = pem2.h; sourceTree = "<group>"; };
		D35EBCFE257AE89D00A592F3 /* kdf.h */ = {isa = PBXFileReference; fileEncoding = 4; lastKnownFileType = sourcecode.c.h; path = kdf.h; sourceTree = "<group>"; };
		D35EBCFF257AE89D00A592F3 /* pem.h */ = {isa = PBXFileReference; fileEncoding = 4; lastKnownFileType = sourcecode.c.h; path = pem.h; sourceTree = "<group>"; };
		D35EBD00257AE89D00A592F3 /* asyncerr.h */ = {isa = PBXFileReference; fileEncoding = 4; lastKnownFileType = sourcecode.c.h; path = asyncerr.h; sourceTree = "<group>"; };
		D35EBD01257AE89D00A592F3 /* md2.h */ = {isa = PBXFileReference; fileEncoding = 4; lastKnownFileType = sourcecode.c.h; path = md2.h; sourceTree = "<group>"; };
		D35EBD02257AE89D00A592F3 /* ssl3.h */ = {isa = PBXFileReference; fileEncoding = 4; lastKnownFileType = sourcecode.c.h; path = ssl3.h; sourceTree = "<group>"; };
		D35EBD03257AE89D00A592F3 /* ossl_typ.h */ = {isa = PBXFileReference; fileEncoding = 4; lastKnownFileType = sourcecode.c.h; path = ossl_typ.h; sourceTree = "<group>"; };
		D35EBD04257AE89D00A592F3 /* dtls1.h */ = {isa = PBXFileReference; fileEncoding = 4; lastKnownFileType = sourcecode.c.h; path = dtls1.h; sourceTree = "<group>"; };
		D35EBD05257AE89D00A592F3 /* err.h */ = {isa = PBXFileReference; fileEncoding = 4; lastKnownFileType = sourcecode.c.h; path = err.h; sourceTree = "<group>"; };
		D35EBD06257AE89D00A592F3 /* bn.h */ = {isa = PBXFileReference; fileEncoding = 4; lastKnownFileType = sourcecode.c.h; path = bn.h; sourceTree = "<group>"; };
		D35EBD07257AE89D00A592F3 /* blowfish.h */ = {isa = PBXFileReference; fileEncoding = 4; lastKnownFileType = sourcecode.c.h; path = blowfish.h; sourceTree = "<group>"; };
		D35EBD08257AE89D00A592F3 /* cms.h */ = {isa = PBXFileReference; fileEncoding = 4; lastKnownFileType = sourcecode.c.h; path = cms.h; sourceTree = "<group>"; };
		D35EBD09257AE89D00A592F3 /* engine.h */ = {isa = PBXFileReference; fileEncoding = 4; lastKnownFileType = sourcecode.c.h; path = engine.h; sourceTree = "<group>"; };
		D35EBD0A257AE89D00A592F3 /* conf_api.h */ = {isa = PBXFileReference; fileEncoding = 4; lastKnownFileType = sourcecode.c.h; path = conf_api.h; sourceTree = "<group>"; };
		D35EBD0B257AE89D00A592F3 /* x509.h */ = {isa = PBXFileReference; fileEncoding = 4; lastKnownFileType = sourcecode.c.h; path = x509.h; sourceTree = "<group>"; };
		D35EBD0C257AE89D00A592F3 /* asn1_mac.h */ = {isa = PBXFileReference; fileEncoding = 4; lastKnownFileType = sourcecode.c.h; path = asn1_mac.h; sourceTree = "<group>"; };
		D35EBD0D257AE89D00A592F3 /* objectserr.h */ = {isa = PBXFileReference; fileEncoding = 4; lastKnownFileType = sourcecode.c.h; path = objectserr.h; sourceTree = "<group>"; };
		D35EBD0E257AE89D00A592F3 /* cmserr.h */ = {isa = PBXFileReference; fileEncoding = 4; lastKnownFileType = sourcecode.c.h; path = cmserr.h; sourceTree = "<group>"; };
		D35EBD0F257AE89D00A592F3 /* ui.h */ = {isa = PBXFileReference; fileEncoding = 4; lastKnownFileType = sourcecode.c.h; path = ui.h; sourceTree = "<group>"; };
		D35EBD10257AE89D00A592F3 /* opensslconf.h.orig */ = {isa = PBXFileReference; fileEncoding = 4; lastKnownFileType = text; path = opensslconf.h.orig; sourceTree = "<group>"; };
		D35EBD11257AE89D00A592F3 /* sha.h */ = {isa = PBXFileReference; fileEncoding = 4; lastKnownFileType = sourcecode.c.h; path = sha.h; sourceTree = "<group>"; };
		D35EBD12257AE89D00A592F3 /* symhacks.h */ = {isa = PBXFileReference; fileEncoding = 4; lastKnownFileType = sourcecode.c.h; path = symhacks.h; sourceTree = "<group>"; };
		D35EBD13257AE89D00A592F3 /* asn1.h */ = {isa = PBXFileReference; fileEncoding = 4; lastKnownFileType = sourcecode.c.h; path = asn1.h; sourceTree = "<group>"; };
		D35EBD14257AE89D00A592F3 /* bioerr.h */ = {isa = PBXFileReference; fileEncoding = 4; lastKnownFileType = sourcecode.c.h; path = bioerr.h; sourceTree = "<group>"; };
		D35EBD15257AE89D00A592F3 /* opensslconf.h */ = {isa = PBXFileReference; fileEncoding = 4; lastKnownFileType = sourcecode.c.h; path = opensslconf.h; sourceTree = "<group>"; };
		D35EBD16257AE89D00A592F3 /* bio.h */ = {isa = PBXFileReference; fileEncoding = 4; lastKnownFileType = sourcecode.c.h; path = bio.h; sourceTree = "<group>"; };
		D35EBD17257AE89D00A592F3 /* rc2.h */ = {isa = PBXFileReference; fileEncoding = 4; lastKnownFileType = sourcecode.c.h; path = rc2.h; sourceTree = "<group>"; };
		D35EBD18257AE89D00A592F3 /* dh.h */ = {isa = PBXFileReference; fileEncoding = 4; lastKnownFileType = sourcecode.c.h; path = dh.h; sourceTree = "<group>"; };
		D35EBD19257AE89D00A592F3 /* x509v3.h */ = {isa = PBXFileReference; fileEncoding = 4; lastKnownFileType = sourcecode.c.h; path = x509v3.h; sourceTree = "<group>"; };
		D35EBD1A257AE89D00A592F3 /* conf.h */ = {isa = PBXFileReference; fileEncoding = 4; lastKnownFileType = sourcecode.c.h; path = conf.h; sourceTree = "<group>"; };
		D35EBD1B257AE89D00A592F3 /* rand_drbg.h */ = {isa = PBXFileReference; fileEncoding = 4; lastKnownFileType = sourcecode.c.h; path = rand_drbg.h; sourceTree = "<group>"; };
		D35EBD1C257AE89D00A592F3 /* md5.h */ = {isa = PBXFileReference; fileEncoding = 4; lastKnownFileType = sourcecode.c.h; path = md5.h; sourceTree = "<group>"; };
		D35EBD1D257AE89D00A592F3 /* pemerr.h */ = {isa = PBXFileReference; fileEncoding = 4; lastKnownFileType = sourcecode.c.h; path = pemerr.h; sourceTree = "<group>"; };
		D35EBD1E257AE89D00A592F3 /* asn1_locl.h */ = {isa = PBXFileReference; fileEncoding = 4; lastKnownFileType = sourcecode.c.h; path = asn1_locl.h; sourceTree = "<group>"; };
		D35EBD1F257AE89D00A592F3 /* x509_vfy.h */ = {isa = PBXFileReference; fileEncoding = 4; lastKnownFileType = sourcecode.c.h; path = x509_vfy.h; sourceTree = "<group>"; };
		D35EBD20257AE89D00A592F3 /* txt_db.h */ = {isa = PBXFileReference; fileEncoding = 4; lastKnownFileType = sourcecode.c.h; path = txt_db.h; sourceTree = "<group>"; };
		D35EBD21257AE89D00A592F3 /* comperr.h */ = {isa = PBXFileReference; fileEncoding = 4; lastKnownFileType = sourcecode.c.h; path = comperr.h; sourceTree = "<group>"; };
		D35EBD22257AE89D00A592F3 /* cterr.h */ = {isa = PBXFileReference; fileEncoding = 4; lastKnownFileType = sourcecode.c.h; path = cterr.h; sourceTree = "<group>"; };
		D35EBD23257AE89D00A592F3 /* safestack.h */ = {isa = PBXFileReference; fileEncoding = 4; lastKnownFileType = sourcecode.c.h; path = safestack.h; sourceTree = "<group>"; };
		D35EBD24257AE89D00A592F3 /* ecdsa.h */ = {isa = PBXFileReference; fileEncoding = 4; lastKnownFileType = sourcecode.c.h; path = ecdsa.h; sourceTree = "<group>"; };
		D35EBD25257AE89D00A592F3 /* sslerr.h */ = {isa = PBXFileReference; fileEncoding = 4; lastKnownFileType = sourcecode.c.h; path = sslerr.h; sourceTree = "<group>"; };
		D35EBD26257AE89D00A592F3 /* rc5.h */ = {isa = PBXFileReference; fileEncoding = 4; lastKnownFileType = sourcecode.c.h; path = rc5.h; sourceTree = "<group>"; };
		D35EBD27257AE89D00A592F3 /* uierr.h */ = {isa = PBXFileReference; fileEncoding = 4; lastKnownFileType = sourcecode.c.h; path = uierr.h; sourceTree = "<group>"; };
		D35EBD28257AE89D00A592F3 /* x509v3err.h */ = {isa = PBXFileReference; fileEncoding = 4; lastKnownFileType = sourcecode.c.h; path = x509v3err.h; sourceTree = "<group>"; };
		D35EBD29257AE89D00A592F3 /* objects.h */ = {isa = PBXFileReference; fileEncoding = 4; lastKnownFileType = sourcecode.c.h; path = objects.h; sourceTree = "<group>"; };
		D35EBD2A257AE89D00A592F3 /* pkcs12.h */ = {isa = PBXFileReference; fileEncoding = 4; lastKnownFileType = sourcecode.c.h; path = pkcs12.h; sourceTree = "<group>"; };
		D35EBD2B257AE89D00A592F3 /* crypto.h */ = {isa = PBXFileReference; fileEncoding = 4; lastKnownFileType = sourcecode.c.h; path = crypto.h; sourceTree = "<group>"; };
		D35EBD2C257AE89D00A592F3 /* opensslv.h */ = {isa = PBXFileReference; fileEncoding = 4; lastKnownFileType = sourcecode.c.h; path = opensslv.h; sourceTree = "<group>"; };
		D35EBD2D257AE89D00A592F3 /* evperr.h */ = {isa = PBXFileReference; fileEncoding = 4; lastKnownFileType = sourcecode.c.h; path = evperr.h; sourceTree = "<group>"; };
		D35EBD2E257AE89D00A592F3 /* pkcs7.h */ = {isa = PBXFileReference; fileEncoding = 4; lastKnownFileType = sourcecode.c.h; path = pkcs7.h; sourceTree = "<group>"; };
		D35EBD2F257AE89D00A592F3 /* obj_mac.h */ = {isa = PBXFileReference; fileEncoding = 4; lastKnownFileType = sourcecode.c.h; path = obj_mac.h; sourceTree = "<group>"; };
		D35EBD30257AE89D00A592F3 /* ct.h */ = {isa = PBXFileReference; fileEncoding = 4; lastKnownFileType = sourcecode.c.h; path = ct.h; sourceTree = "<group>"; };
		D35EBD31257AE89D00A592F3 /* async.h */ = {isa = PBXFileReference; fileEncoding = 4; lastKnownFileType = sourcecode.c.h; path = async.h; sourceTree = "<group>"; };
		D35EBD32257AE89D00A592F3 /* buffer.h */ = {isa = PBXFileReference; fileEncoding = 4; lastKnownFileType = sourcecode.c.h; path = buffer.h; sourceTree = "<group>"; };
		D35EBD33257AE89D00A592F3 /* ssl.h */ = {isa = PBXFileReference; fileEncoding = 4; lastKnownFileType = sourcecode.c.h; path = ssl.h; sourceTree = "<group>"; };
		D35EBD34257AE89D00A592F3 /* srp.h */ = {isa = PBXFileReference; fileEncoding = 4; lastKnownFileType = sourcecode.c.h; path = srp.h; sourceTree = "<group>"; };
		D35EBD35257AE89D00A592F3 /* camellia.h */ = {isa = PBXFileReference; fileEncoding = 4; lastKnownFileType = sourcecode.c.h; path = camellia.h; sourceTree = "<group>"; };
		D35EBD36257AE89D00A592F3 /* dherr.h */ = {isa = PBXFileReference; fileEncoding = 4; lastKnownFileType = sourcecode.c.h; path = dherr.h; sourceTree = "<group>"; };
		D35EBD37257AE89D00A592F3 /* evp.h */ = {isa = PBXFileReference; fileEncoding = 4; lastKnownFileType = sourcecode.c.h; path = evp.h; sourceTree = "<group>"; };
		D35EBD38257AE89D00A592F3 /* e_os2.h */ = {isa = PBXFileReference; fileEncoding = 4; lastKnownFileType = sourcecode.c.h; path = e_os2.h; sourceTree = "<group>"; };
		D35EBD39257AE89D00A592F3 /* md4.h */ = {isa = PBXFileReference; fileEncoding = 4; lastKnownFileType = sourcecode.c.h; path = md4.h; sourceTree = "<group>"; };
		D35EBD3A257AE89D00A592F3 /* hmac.h */ = {isa = PBXFileReference; fileEncoding = 4; lastKnownFileType = sourcecode.c.h; path = hmac.h; sourceTree = "<group>"; };
		D35EBD3B257AE89D00A592F3 /* aes.h */ = {isa = PBXFileReference; fileEncoding = 4; lastKnownFileType = sourcecode.c.h; path = aes.h; sourceTree = "<group>"; };
		D35EBD3C257AE89D00A592F3 /* engineerr.h */ = {isa = PBXFileReference; fileEncoding = 4; lastKnownFileType = sourcecode.c.h; path = engineerr.h; sourceTree = "<group>"; };
		D35EBD3D257AE89D00A592F3 /* comp.h */ = {isa = PBXFileReference; fileEncoding = 4; lastKnownFileType = sourcecode.c.h; path = comp.h; sourceTree = "<group>"; };
		D35EBD3E257AE89D00A592F3 /* pkcs12err.h */ = {isa = PBXFileReference; fileEncoding = 4; lastKnownFileType = sourcecode.c.h; path = pkcs12err.h; sourceTree = "<group>"; };
		D35EBD3F257AE89D00A592F3 /* cast.h */ = {isa = PBXFileReference; fileEncoding = 4; lastKnownFileType = sourcecode.c.h; path = cast.h; sourceTree = "<group>"; };
		D35EBD40257AE89D00A592F3 /* rc4.h */ = {isa = PBXFileReference; fileEncoding = 4; lastKnownFileType = sourcecode.c.h; path = rc4.h; sourceTree = "<group>"; };
		D35EBD41257AE89D00A592F3 /* stack.h */ = {isa = PBXFileReference; fileEncoding = 4; lastKnownFileType = sourcecode.c.h; path = stack.h; sourceTree = "<group>"; };
		D35EBD42257AE89D00A592F3 /* des.h */ = {isa = PBXFileReference; fileEncoding = 4; lastKnownFileType = sourcecode.c.h; path = des.h; sourceTree = "<group>"; };
		D35EBD43257AE89D00A592F3 /* ocsp.h */ = {isa = PBXFileReference; fileEncoding = 4; lastKnownFileType = sourcecode.c.h; path = ocsp.h; sourceTree = "<group>"; };
		D35EBD44257AE89D00A592F3 /* ec.h */ = {isa = PBXFileReference; fileEncoding = 4; lastKnownFileType = sourcecode.c.h; path = ec.h; sourceTree = "<group>"; };
		D35EBD45257AE89D00A592F3 /* ecdh.h */ = {isa = PBXFileReference; fileEncoding = 4; lastKnownFileType = sourcecode.c.h; path = ecdh.h; sourceTree = "<group>"; };
		D35EBD46257AE89D00A592F3 /* rand.h */ = {isa = PBXFileReference; fileEncoding = 4; lastKnownFileType = sourcecode.c.h; path = rand.h; sourceTree = "<group>"; };
		D35EBD47257AE89D00A592F3 /* ecerr.h */ = {isa = PBXFileReference; fileEncoding = 4; lastKnownFileType = sourcecode.c.h; path = ecerr.h; sourceTree = "<group>"; };
		D35EBD48257AE89D00A592F3 /* ts.h */ = {isa = PBXFileReference; fileEncoding = 4; lastKnownFileType = sourcecode.c.h; path = ts.h; sourceTree = "<group>"; };
		D35EBD49257AE89D00A592F3 /* cryptoerr.h */ = {isa = PBXFileReference; fileEncoding = 4; lastKnownFileType = sourcecode.c.h; path = cryptoerr.h; sourceTree = "<group>"; };
		D35EBD4A257AE89D00A592F3 /* storeerr.h */ = {isa = PBXFileReference; fileEncoding = 4; lastKnownFileType = sourcecode.c.h; path = storeerr.h; sourceTree = "<group>"; };
		D35EBD4B257AE89D00A592F3 /* buffererr.h */ = {isa = PBXFileReference; fileEncoding = 4; lastKnownFileType = sourcecode.c.h; path = buffererr.h; sourceTree = "<group>"; };
		D35EBD4C257AE89D00A592F3 /* seed.h */ = {isa = PBXFileReference; fileEncoding = 4; lastKnownFileType = sourcecode.c.h; path = seed.h; sourceTree = "<group>"; };
		D35EBD4D257AE89D00A592F3 /* modes.h */ = {isa = PBXFileReference; fileEncoding = 4; lastKnownFileType = sourcecode.c.h; path = modes.h; sourceTree = "<group>"; };
		D35EBD4E257AE89D00A592F3 /* ssl2.h */ = {isa = PBXFileReference; fileEncoding = 4; lastKnownFileType = sourcecode.c.h; path = ssl2.h; sourceTree = "<group>"; };
		D35EBD4F257AE89D00A592F3 /* tserr.h */ = {isa = PBXFileReference; fileEncoding = 4; lastKnownFileType = sourcecode.c.h; path = tserr.h; sourceTree = "<group>"; };
		D35EBD50257AE89D00A592F3 /* rsa.h */ = {isa = PBXFileReference; fileEncoding = 4; lastKnownFileType = sourcecode.c.h; path = rsa.h; sourceTree = "<group>"; };
		D35EBD51257AE89D00A592F3 /* ripemd.h */ = {isa = PBXFileReference; fileEncoding = 4; lastKnownFileType = sourcecode.c.h; path = ripemd.h; sourceTree = "<group>"; };
		D35EBD52257AE89D00A592F3 /* whrlpool.h */ = {isa = PBXFileReference; fileEncoding = 4; lastKnownFileType = sourcecode.c.h; path = whrlpool.h; sourceTree = "<group>"; };
		D35EBD53257AE89D00A592F3 /* tls1.h */ = {isa = PBXFileReference; fileEncoding = 4; lastKnownFileType = sourcecode.c.h; path = tls1.h; sourceTree = "<group>"; };
		D35EBD54257AE89D00A592F3 /* rsaerr.h */ = {isa = PBXFileReference; fileEncoding = 4; lastKnownFileType = sourcecode.c.h; path = rsaerr.h; sourceTree = "<group>"; };
		D35EBD55257AE89D00A592F3 /* randerr.h */ = {isa = PBXFileReference; fileEncoding = 4; lastKnownFileType = sourcecode.c.h; path = randerr.h; sourceTree = "<group>"; };
		D35EBD56257AE89D00A592F3 /* mdc2.h */ = {isa = PBXFileReference; fileEncoding = 4; lastKnownFileType = sourcecode.c.h; path = mdc2.h; sourceTree = "<group>"; };
		D35EBD57257AE89D00A592F3 /* ocsperr.h */ = {isa = PBXFileReference; fileEncoding = 4; lastKnownFileType = sourcecode.c.h; path = ocsperr.h; sourceTree = "<group>"; };
		D35EBD58257AE89D00A592F3 /* x509err.h */ = {isa = PBXFileReference; fileEncoding = 4; lastKnownFileType = sourcecode.c.h; path = x509err.h; sourceTree = "<group>"; };
		D35EBD59257AE89D00A592F3 /* pkcs7err.h */ = {isa = PBXFileReference; fileEncoding = 4; lastKnownFileType = sourcecode.c.h; path = pkcs7err.h; sourceTree = "<group>"; };
		D35EBD5A257AE89D00A592F3 /* dsa.h */ = {isa = PBXFileReference; fileEncoding = 4; lastKnownFileType = sourcecode.c.h; path = dsa.h; sourceTree = "<group>"; };
		D35EBD5B257AE89D00A592F3 /* kdferr.h */ = {isa = PBXFileReference; fileEncoding = 4; lastKnownFileType = sourcecode.c.h; path = kdferr.h; sourceTree = "<group>"; };
		D35EBD5C257AE89D00A592F3 /* srtp.h */ = {isa = PBXFileReference; fileEncoding = 4; lastKnownFileType = sourcecode.c.h; path = srtp.h; sourceTree = "<group>"; };
		D35EBD5D257AE89D00A592F3 /* asn1t.h */ = {isa = PBXFileReference; fileEncoding = 4; lastKnownFileType = sourcecode.c.h; path = asn1t.h; sourceTree = "<group>"; };
		D35EBD5E257AE89D00A592F3 /* dsaerr.h */ = {isa = PBXFileReference; fileEncoding = 4; lastKnownFileType = sourcecode.c.h; path = dsaerr.h; sourceTree = "<group>"; };
		D35EBD5F257AE89D00A592F3 /* bnerr.h */ = {isa = PBXFileReference; fileEncoding = 4; lastKnownFileType = sourcecode.c.h; path = bnerr.h; sourceTree = "<group>"; };
		D35EBD60257AE89D00A592F3 /* conferr.h */ = {isa = PBXFileReference; fileEncoding = 4; lastKnownFileType = sourcecode.c.h; path = conferr.h; sourceTree = "<group>"; };
		D35EBD61257AE89D00A592F3 /* cmac.h */ = {isa = PBXFileReference; fileEncoding = 4; lastKnownFileType = sourcecode.c.h; path = cmac.h; sourceTree = "<group>"; };
		D35EBD62257AE89D00A592F3 /* ebcdic.h */ = {isa = PBXFileReference; fileEncoding = 4; lastKnownFileType = sourcecode.c.h; path = ebcdic.h; sourceTree = "<group>"; };
		D35EBD63257AE89D00A592F3 /* store.h */ = {isa = PBXFileReference; fileEncoding = 4; lastKnownFileType = sourcecode.c.h; path = store.h; sourceTree = "<group>"; };
		D35EBD64257AE89D00A592F3 /* idea.h */ = {isa = PBXFileReference; fileEncoding = 4; lastKnownFileType = sourcecode.c.h; path = idea.h; sourceTree = "<group>"; };
		D35EBD65257AE89D00A592F3 /* lhash.h */ = {isa = PBXFileReference; fileEncoding = 4; lastKnownFileType = sourcecode.c.h; path = lhash.h; sourceTree = "<group>"; };
		D35EBD66257AE89D00A592F3 /* asn1err.h */ = {isa = PBXFileReference; fileEncoding = 4; lastKnownFileType = sourcecode.c.h; path = asn1err.h; sourceTree = "<group>"; };
		D35EBD68257AE89D00A592F3 /* libcrypto.a */ = {isa = PBXFileReference; lastKnownFileType = archive.ar; path = libcrypto.a; sourceTree = "<group>"; };
		D35EBD69257AE89D00A592F3 /* libssl.a */ = {isa = PBXFileReference; lastKnownFileType = archive.ar; path = libssl.a; sourceTree = "<group>"; };
		D35EBD74257AE90800A592F3 /* IAPReceipt.swift */ = {isa = PBXFileReference; fileEncoding = 4; lastKnownFileType = sourcecode.swift; path = IAPReceipt.swift; sourceTree = "<group>"; };
		D35EBD75257AE90800A592F3 /* Receipt.swift */ = {isa = PBXFileReference; fileEncoding = 4; lastKnownFileType = sourcecode.swift; path = Receipt.swift; sourceTree = "<group>"; };
		D35EBD76257AE90800A592F3 /* ASN1Helpers.swift */ = {isa = PBXFileReference; fileEncoding = 4; lastKnownFileType = sourcecode.swift; path = ASN1Helpers.swift; sourceTree = "<group>"; };
		D35EBD84257AEA6500A592F3 /* InsomniOwl-Bridging-Header.h */ = {isa = PBXFileReference; lastKnownFileType = sourcecode.c.h; path = "InsomniOwl-Bridging-Header.h"; sourceTree = "<group>"; };
		D35EBD87257AEB3600A592F3 /* AppleIncRootCertificate.cer */ = {isa = PBXFileReference; lastKnownFileType = file; path = AppleIncRootCertificate.cer; sourceTree = "<group>"; };
		D3A585A1257958F2005F2A86 /* Configuration.storekit */ = {isa = PBXFileReference; lastKnownFileType = text; path = Configuration.storekit; sourceTree = "<group>"; };
		D3A585AD25799A44005F2A86 /* InsomniOwlTests.xctest */ = {isa = PBXFileReference; explicitFileType = wrapper.cfbundle; includeInIndex = 0; path = InsomniOwlTests.xctest; sourceTree = BUILT_PRODUCTS_DIR; };
		D3A585AF25799A44005F2A86 /* InsomniOwlTests.swift */ = {isa = PBXFileReference; lastKnownFileType = sourcecode.swift; path = InsomniOwlTests.swift; sourceTree = "<group>"; };
		D3A585B125799A44005F2A86 /* Info.plist */ = {isa = PBXFileReference; lastKnownFileType = text.plist.xml; path = Info.plist; sourceTree = "<group>"; };
		D3BE14FE257F2E8500A01411 /* AppleReceiptValidationResponse.swift */ = {isa = PBXFileReference; fileEncoding = 4; lastKnownFileType = sourcecode.swift; path = AppleReceiptValidationResponse.swift; sourceTree = "<group>"; };
		D3FA6BAB2577FB3600E2047D /* StoreKit.framework */ = {isa = PBXFileReference; lastKnownFileType = wrapper.framework; name = StoreKit.framework; path = System/Library/Frameworks/StoreKit.framework; sourceTree = SDKROOT; };
		D3FA6BB4257832F000E2047D /* IAPStore.swift */ = {isa = PBXFileReference; lastKnownFileType = sourcecode.swift; path = IAPStore.swift; sourceTree = "<group>"; };
		D3FA6BB72578330C00E2047D /* OwlProducts.swift */ = {isa = PBXFileReference; lastKnownFileType = sourcecode.swift; path = OwlProducts.swift; sourceTree = "<group>"; };
/* End PBXFileReference section */

/* Begin PBXFrameworksBuildPhase section */
		D34650E9253786E500F701EA /* Frameworks */ = {
			isa = PBXFrameworksBuildPhase;
			buildActionMask = 2147483647;
			files = (
				D35EBD6C257AE89D00A592F3 /* libssl.a in Frameworks */,
				D3A585A525796419005F2A86 /* SwiftKeychainWrapper in Frameworks */,
				D3FA6BAC2577FB3600E2047D /* StoreKit.framework in Frameworks */,
				D35EBD6B257AE89D00A592F3 /* libcrypto.a in Frameworks */,
			);
			runOnlyForDeploymentPostprocessing = 0;
		};
		D3A585AA25799A44005F2A86 /* Frameworks */ = {
			isa = PBXFrameworksBuildPhase;
			buildActionMask = 2147483647;
			files = (
			);
			runOnlyForDeploymentPostprocessing = 0;
		};
/* End PBXFrameworksBuildPhase section */

/* Begin PBXGroup section */
		D34650E3253786E500F701EA = {
			isa = PBXGroup;
			children = (
				D34EAE05257AF14E00A913AF /* StoreKitTestCertificate.cer */,
				D35EBD84257AEA6500A592F3 /* InsomniOwl-Bridging-Header.h */,
				D35EBD87257AEB3600A592F3 /* AppleIncRootCertificate.cer */,
				D35EBCFA257AE89D00A592F3 /* OpenSSL */,
				D34650EE253786E500F701EA /* InsomniOwl */,
				D3A585AE25799A44005F2A86 /* InsomniOwlTests */,
				D34650ED253786E500F701EA /* Products */,
				D3FA6BA82577F91700E2047D /* Frameworks */,
			);
			sourceTree = "<group>";
		};
		D34650ED253786E500F701EA /* Products */ = {
			isa = PBXGroup;
			children = (
				D34650EC253786E500F701EA /* InsomniOwl.app */,
				D3A585AD25799A44005F2A86 /* InsomniOwlTests.xctest */,
			);
			name = Products;
			sourceTree = "<group>";
		};
		D34650EE253786E500F701EA /* InsomniOwl */ = {
			isa = PBXGroup;
			children = (
				D35EBD73257AE90800A592F3 /* Receipt */,
				D34651062538C8E700F701EA /* Views */,
				D34650FF2537876C00F701EA /* Model */,
				D34650EF253786E500F701EA /* InsomniOwlApp.swift */,
				D34650F1253786E500F701EA /* ContentView.swift */,
				D3298EB4257856DE005874E5 /* AppDelegate.swift */,
				D34650F3253786E700F701EA /* Assets.xcassets */,
				D34650F8253786E700F701EA /* Info.plist */,
				D34650F5253786E700F701EA /* Preview Content */,
			);
			path = InsomniOwl;
			sourceTree = "<group>";
		};
		D34650F5253786E700F701EA /* Preview Content */ = {
			isa = PBXGroup;
			children = (
				D34650F6253786E700F701EA /* Preview Assets.xcassets */,
			);
			path = "Preview Content";
			sourceTree = "<group>";
		};
		D34650FF2537876C00F701EA /* Model */ = {
			isa = PBXGroup;
			children = (
				D3A585A1257958F2005F2A86 /* Configuration.storekit */,
				D34651002537878A00F701EA /* Owl.swift */,
				D3FA6BB4257832F000E2047D /* IAPStore.swift */,
				D3FA6BB72578330C00E2047D /* OwlProducts.swift */,
			);
			path = Model;
			sourceTree = "<group>";
		};
		D34651062538C8E700F701EA /* Views */ = {
			isa = PBXGroup;
			children = (
				D34651072538C91500F701EA /* OwlDLCView.swift */,
			);
			path = Views;
			sourceTree = "<group>";
		};
		D35EBCFA257AE89D00A592F3 /* OpenSSL */ = {
			isa = PBXGroup;
			children = (
				D35EBCFB257AE89D00A592F3 /* include */,
				D35EBD67257AE89D00A592F3 /* lib */,
			);
			path = OpenSSL;
			sourceTree = "<group>";
		};
		D35EBCFB257AE89D00A592F3 /* include */ = {
			isa = PBXGroup;
			children = (
				D35EBCFC257AE89D00A592F3 /* openssl */,
			);
			path = include;
			sourceTree = "<group>";
		};
		D35EBCFC257AE89D00A592F3 /* openssl */ = {
			isa = PBXGroup;
			children = (
				D35EBCFD257AE89D00A592F3 /* pem2.h */,
				D35EBCFE257AE89D00A592F3 /* kdf.h */,
				D35EBCFF257AE89D00A592F3 /* pem.h */,
				D35EBD00257AE89D00A592F3 /* asyncerr.h */,
				D35EBD01257AE89D00A592F3 /* md2.h */,
				D35EBD02257AE89D00A592F3 /* ssl3.h */,
				D35EBD03257AE89D00A592F3 /* ossl_typ.h */,
				D35EBD04257AE89D00A592F3 /* dtls1.h */,
				D35EBD05257AE89D00A592F3 /* err.h */,
				D35EBD06257AE89D00A592F3 /* bn.h */,
				D35EBD07257AE89D00A592F3 /* blowfish.h */,
				D35EBD08257AE89D00A592F3 /* cms.h */,
				D35EBD09257AE89D00A592F3 /* engine.h */,
				D35EBD0A257AE89D00A592F3 /* conf_api.h */,
				D35EBD0B257AE89D00A592F3 /* x509.h */,
				D35EBD0C257AE89D00A592F3 /* asn1_mac.h */,
				D35EBD0D257AE89D00A592F3 /* objectserr.h */,
				D35EBD0E257AE89D00A592F3 /* cmserr.h */,
				D35EBD0F257AE89D00A592F3 /* ui.h */,
				D35EBD10257AE89D00A592F3 /* opensslconf.h.orig */,
				D35EBD11257AE89D00A592F3 /* sha.h */,
				D35EBD12257AE89D00A592F3 /* symhacks.h */,
				D35EBD13257AE89D00A592F3 /* asn1.h */,
				D35EBD14257AE89D00A592F3 /* bioerr.h */,
				D35EBD15257AE89D00A592F3 /* opensslconf.h */,
				D35EBD16257AE89D00A592F3 /* bio.h */,
				D35EBD17257AE89D00A592F3 /* rc2.h */,
				D35EBD18257AE89D00A592F3 /* dh.h */,
				D35EBD19257AE89D00A592F3 /* x509v3.h */,
				D35EBD1A257AE89D00A592F3 /* conf.h */,
				D35EBD1B257AE89D00A592F3 /* rand_drbg.h */,
				D35EBD1C257AE89D00A592F3 /* md5.h */,
				D35EBD1D257AE89D00A592F3 /* pemerr.h */,
				D35EBD1E257AE89D00A592F3 /* asn1_locl.h */,
				D35EBD1F257AE89D00A592F3 /* x509_vfy.h */,
				D35EBD20257AE89D00A592F3 /* txt_db.h */,
				D35EBD21257AE89D00A592F3 /* comperr.h */,
				D35EBD22257AE89D00A592F3 /* cterr.h */,
				D35EBD23257AE89D00A592F3 /* safestack.h */,
				D35EBD24257AE89D00A592F3 /* ecdsa.h */,
				D35EBD25257AE89D00A592F3 /* sslerr.h */,
				D35EBD26257AE89D00A592F3 /* rc5.h */,
				D35EBD27257AE89D00A592F3 /* uierr.h */,
				D35EBD28257AE89D00A592F3 /* x509v3err.h */,
				D35EBD29257AE89D00A592F3 /* objects.h */,
				D35EBD2A257AE89D00A592F3 /* pkcs12.h */,
				D35EBD2B257AE89D00A592F3 /* crypto.h */,
				D35EBD2C257AE89D00A592F3 /* opensslv.h */,
				D35EBD2D257AE89D00A592F3 /* evperr.h */,
				D35EBD2E257AE89D00A592F3 /* pkcs7.h */,
				D35EBD2F257AE89D00A592F3 /* obj_mac.h */,
				D35EBD30257AE89D00A592F3 /* ct.h */,
				D35EBD31257AE89D00A592F3 /* async.h */,
				D35EBD32257AE89D00A592F3 /* buffer.h */,
				D35EBD33257AE89D00A592F3 /* ssl.h */,
				D35EBD34257AE89D00A592F3 /* srp.h */,
				D35EBD35257AE89D00A592F3 /* camellia.h */,
				D35EBD36257AE89D00A592F3 /* dherr.h */,
				D35EBD37257AE89D00A592F3 /* evp.h */,
				D35EBD38257AE89D00A592F3 /* e_os2.h */,
				D35EBD39257AE89D00A592F3 /* md4.h */,
				D35EBD3A257AE89D00A592F3 /* hmac.h */,
				D35EBD3B257AE89D00A592F3 /* aes.h */,
				D35EBD3C257AE89D00A592F3 /* engineerr.h */,
				D35EBD3D257AE89D00A592F3 /* comp.h */,
				D35EBD3E257AE89D00A592F3 /* pkcs12err.h */,
				D35EBD3F257AE89D00A592F3 /* cast.h */,
				D35EBD40257AE89D00A592F3 /* rc4.h */,
				D35EBD41257AE89D00A592F3 /* stack.h */,
				D35EBD42257AE89D00A592F3 /* des.h */,
				D35EBD43257AE89D00A592F3 /* ocsp.h */,
				D35EBD44257AE89D00A592F3 /* ec.h */,
				D35EBD45257AE89D00A592F3 /* ecdh.h */,
				D35EBD46257AE89D00A592F3 /* rand.h */,
				D35EBD47257AE89D00A592F3 /* ecerr.h */,
				D35EBD48257AE89D00A592F3 /* ts.h */,
				D35EBD49257AE89D00A592F3 /* cryptoerr.h */,
				D35EBD4A257AE89D00A592F3 /* storeerr.h */,
				D35EBD4B257AE89D00A592F3 /* buffererr.h */,
				D35EBD4C257AE89D00A592F3 /* seed.h */,
				D35EBD4D257AE89D00A592F3 /* modes.h */,
				D35EBD4E257AE89D00A592F3 /* ssl2.h */,
				D35EBD4F257AE89D00A592F3 /* tserr.h */,
				D35EBD50257AE89D00A592F3 /* rsa.h */,
				D35EBD51257AE89D00A592F3 /* ripemd.h */,
				D35EBD52257AE89D00A592F3 /* whrlpool.h */,
				D35EBD53257AE89D00A592F3 /* tls1.h */,
				D35EBD54257AE89D00A592F3 /* rsaerr.h */,
				D35EBD55257AE89D00A592F3 /* randerr.h */,
				D35EBD56257AE89D00A592F3 /* mdc2.h */,
				D35EBD57257AE89D00A592F3 /* ocsperr.h */,
				D35EBD58257AE89D00A592F3 /* x509err.h */,
				D35EBD59257AE89D00A592F3 /* pkcs7err.h */,
				D35EBD5A257AE89D00A592F3 /* dsa.h */,
				D35EBD5B257AE89D00A592F3 /* kdferr.h */,
				D35EBD5C257AE89D00A592F3 /* srtp.h */,
				D35EBD5D257AE89D00A592F3 /* asn1t.h */,
				D35EBD5E257AE89D00A592F3 /* dsaerr.h */,
				D35EBD5F257AE89D00A592F3 /* bnerr.h */,
				D35EBD60257AE89D00A592F3 /* conferr.h */,
				D35EBD61257AE89D00A592F3 /* cmac.h */,
				D35EBD62257AE89D00A592F3 /* ebcdic.h */,
				D35EBD63257AE89D00A592F3 /* store.h */,
				D35EBD64257AE89D00A592F3 /* idea.h */,
				D35EBD65257AE89D00A592F3 /* lhash.h */,
				D35EBD66257AE89D00A592F3 /* asn1err.h */,
			);
			path = openssl;
			sourceTree = "<group>";
		};
		D35EBD67257AE89D00A592F3 /* lib */ = {
			isa = PBXGroup;
			children = (
				D35EBD68257AE89D00A592F3 /* libcrypto.a */,
				D35EBD69257AE89D00A592F3 /* libssl.a */,
			);
			path = lib;
			sourceTree = "<group>";
		};
		D35EBD73257AE90800A592F3 /* Receipt */ = {
			isa = PBXGroup;
			children = (
				D3BE14FE257F2E8500A01411 /* AppleReceiptValidationResponse.swift */,
				D3393CBB257EA0F500220CE3 /* Data+IAPReceiptVerifier.swift */,
				D3393CB9257EA0F500220CE3 /* IAPReceiptVerifier.swift */,
				D3393CBA257EA0F500220CE3 /* RSAKey.swift */,
				D35EBD74257AE90800A592F3 /* IAPReceipt.swift */,
				D35EBD75257AE90800A592F3 /* Receipt.swift */,
				D35EBD76257AE90800A592F3 /* ASN1Helpers.swift */,
			);
			path = Receipt;
			sourceTree = "<group>";
		};
		D3A585AE25799A44005F2A86 /* InsomniOwlTests */ = {
			isa = PBXGroup;
			children = (
				D3A585AF25799A44005F2A86 /* InsomniOwlTests.swift */,
				D3A585B125799A44005F2A86 /* Info.plist */,
			);
			path = InsomniOwlTests;
			sourceTree = "<group>";
		};
		D3FA6BA82577F91700E2047D /* Frameworks */ = {
			isa = PBXGroup;
			children = (
				D3FA6BAB2577FB3600E2047D /* StoreKit.framework */,
			);
			name = Frameworks;
			sourceTree = "<group>";
		};
/* End PBXGroup section */

/* Begin PBXNativeTarget section */
		D34650EB253786E500F701EA /* InsomniOwl */ = {
			isa = PBXNativeTarget;
			buildConfigurationList = D34650FB253786E700F701EA /* Build configuration list for PBXNativeTarget "InsomniOwl" */;
			buildPhases = (
				D34650E8253786E500F701EA /* Sources */,
				D34650E9253786E500F701EA /* Frameworks */,
				D34650EA253786E500F701EA /* Resources */,
			);
			buildRules = (
			);
			dependencies = (
			);
			name = InsomniOwl;
			packageProductDependencies = (
				D3A585A425796419005F2A86 /* SwiftKeychainWrapper */,
			);
			productName = InsomniOwl;
			productReference = D34650EC253786E500F701EA /* InsomniOwl.app */;
			productType = "com.apple.product-type.application";
		};
		D3A585AC25799A44005F2A86 /* InsomniOwlTests */ = {
			isa = PBXNativeTarget;
			buildConfigurationList = D3A585B625799A44005F2A86 /* Build configuration list for PBXNativeTarget "InsomniOwlTests" */;
			buildPhases = (
				D3A585A925799A44005F2A86 /* Sources */,
				D3A585AA25799A44005F2A86 /* Frameworks */,
				D3A585AB25799A44005F2A86 /* Resources */,
			);
			buildRules = (
			);
			dependencies = (
				D3A585B325799A44005F2A86 /* PBXTargetDependency */,
			);
			name = InsomniOwlTests;
			productName = InsomniOwlTests;
			productReference = D3A585AD25799A44005F2A86 /* InsomniOwlTests.xctest */;
			productType = "com.apple.product-type.bundle.unit-test";
		};
/* End PBXNativeTarget section */

/* Begin PBXProject section */
		D34650E4253786E500F701EA /* Project object */ = {
			isa = PBXProject;
			attributes = {
				LastSwiftUpdateCheck = 1220;
				LastUpgradeCheck = 1200;
				TargetAttributes = {
					D34650EB253786E500F701EA = {
						CreatedOnToolsVersion = 12.0;
					};
					D3A585AC25799A44005F2A86 = {
						CreatedOnToolsVersion = 12.2;
						TestTargetID = D34650EB253786E500F701EA;
					};
				};
			};
			buildConfigurationList = D34650E7253786E500F701EA /* Build configuration list for PBXProject "InsomniOwl" */;
			compatibilityVersion = "Xcode 9.3";
			developmentRegion = en;
			hasScannedForEncodings = 0;
			knownRegions = (
				en,
				Base,
			);
			mainGroup = D34650E3253786E500F701EA;
			packageReferences = (
				D3A585A325796419005F2A86 /* XCRemoteSwiftPackageReference "SwiftKeychainWrapper" */,
			);
			productRefGroup = D34650ED253786E500F701EA /* Products */;
			projectDirPath = "";
			projectRoot = "";
			targets = (
				D34650EB253786E500F701EA /* InsomniOwl */,
				D3A585AC25799A44005F2A86 /* InsomniOwlTests */,
			);
		};
/* End PBXProject section */

/* Begin PBXResourcesBuildPhase section */
		D34650EA253786E500F701EA /* Resources */ = {
			isa = PBXResourcesBuildPhase;
			buildActionMask = 2147483647;
			files = (
				D34EAE06257AF14E00A913AF /* StoreKitTestCertificate.cer in Resources */,
				D34650F7253786E700F701EA /* Preview Assets.xcassets in Resources */,
				D35EBD6A257AE89D00A592F3 /* opensslconf.h.orig in Resources */,
				D35EBD88257AEB3600A592F3 /* AppleIncRootCertificate.cer in Resources */,
				D34650F4253786E700F701EA /* Assets.xcassets in Resources */,
			);
			runOnlyForDeploymentPostprocessing = 0;
		};
		D3A585AB25799A44005F2A86 /* Resources */ = {
			isa = PBXResourcesBuildPhase;
			buildActionMask = 2147483647;
			files = (
				D3A585B925799A56005F2A86 /* Configuration.storekit in Resources */,
			);
			runOnlyForDeploymentPostprocessing = 0;
		};
/* End PBXResourcesBuildPhase section */

/* Begin PBXSourcesBuildPhase section */
		D34650E8253786E500F701EA /* Sources */ = {
			isa = PBXSourcesBuildPhase;
			buildActionMask = 2147483647;
			files = (
				D3FA6BB5257832F000E2047D /* IAPStore.swift in Sources */,
				D35EBD77257AE90800A592F3 /* IAPReceipt.swift in Sources */,
				D34650F2253786E500F701EA /* ContentView.swift in Sources */,
				D3393CBC257EA0F500220CE3 /* IAPReceiptVerifier.swift in Sources */,
				D35EBD78257AE90800A592F3 /* Receipt.swift in Sources */,
				D3BE14FF257F2E8500A01411 /* AppleReceiptValidationResponse.swift in Sources */,
				D35EBD79257AE90800A592F3 /* ASN1Helpers.swift in Sources */,
				D34650F0253786E500F701EA /* InsomniOwlApp.swift in Sources */,
				D34651012537878A00F701EA /* Owl.swift in Sources */,
				D3298EB5257856DE005874E5 /* AppDelegate.swift in Sources */,
				D3FA6BB82578330C00E2047D /* OwlProducts.swift in Sources */,
				D3393CBD257EA0F500220CE3 /* RSAKey.swift in Sources */,
				D34651082538C91500F701EA /* OwlDLCView.swift in Sources */,
				D3393CBE257EA0F500220CE3 /* Data+IAPReceiptVerifier.swift in Sources */,
			);
			runOnlyForDeploymentPostprocessing = 0;
		};
		D3A585A925799A44005F2A86 /* Sources */ = {
			isa = PBXSourcesBuildPhase;
			buildActionMask = 2147483647;
			files = (
				D3A585B025799A44005F2A86 /* InsomniOwlTests.swift in Sources */,
			);
			runOnlyForDeploymentPostprocessing = 0;
		};
/* End PBXSourcesBuildPhase section */

/* Begin PBXTargetDependency section */
		D3A585B325799A44005F2A86 /* PBXTargetDependency */ = {
			isa = PBXTargetDependency;
			target = D34650EB253786E500F701EA /* InsomniOwl */;
			targetProxy = D3A585B225799A44005F2A86 /* PBXContainerItemProxy */;
		};
/* End PBXTargetDependency section */

/* Begin XCBuildConfiguration section */
		D34650F9253786E700F701EA /* Debug */ = {
			isa = XCBuildConfiguration;
			buildSettings = {
				ALWAYS_SEARCH_USER_PATHS = NO;
				CLANG_ANALYZER_NONNULL = YES;
				CLANG_ANALYZER_NUMBER_OBJECT_CONVERSION = YES_AGGRESSIVE;
				CLANG_CXX_LANGUAGE_STANDARD = "gnu++14";
				CLANG_CXX_LIBRARY = "libc++";
				CLANG_ENABLE_MODULES = YES;
				CLANG_ENABLE_OBJC_ARC = YES;
				CLANG_ENABLE_OBJC_WEAK = YES;
				CLANG_WARN_BLOCK_CAPTURE_AUTORELEASING = YES;
				CLANG_WARN_BOOL_CONVERSION = YES;
				CLANG_WARN_COMMA = YES;
				CLANG_WARN_CONSTANT_CONVERSION = YES;
				CLANG_WARN_DEPRECATED_OBJC_IMPLEMENTATIONS = YES;
				CLANG_WARN_DIRECT_OBJC_ISA_USAGE = YES_ERROR;
				CLANG_WARN_DOCUMENTATION_COMMENTS = YES;
				CLANG_WARN_EMPTY_BODY = YES;
				CLANG_WARN_ENUM_CONVERSION = YES;
				CLANG_WARN_INFINITE_RECURSION = YES;
				CLANG_WARN_INT_CONVERSION = YES;
				CLANG_WARN_NON_LITERAL_NULL_CONVERSION = YES;
				CLANG_WARN_OBJC_IMPLICIT_RETAIN_SELF = YES;
				CLANG_WARN_OBJC_LITERAL_CONVERSION = YES;
				CLANG_WARN_OBJC_ROOT_CLASS = YES_ERROR;
				CLANG_WARN_QUOTED_INCLUDE_IN_FRAMEWORK_HEADER = YES;
				CLANG_WARN_RANGE_LOOP_ANALYSIS = YES;
				CLANG_WARN_STRICT_PROTOTYPES = YES;
				CLANG_WARN_SUSPICIOUS_MOVE = YES;
				CLANG_WARN_UNGUARDED_AVAILABILITY = YES_AGGRESSIVE;
				CLANG_WARN_UNREACHABLE_CODE = YES;
				CLANG_WARN__DUPLICATE_METHOD_MATCH = YES;
				COPY_PHASE_STRIP = NO;
				DEBUG_INFORMATION_FORMAT = dwarf;
				ENABLE_STRICT_OBJC_MSGSEND = YES;
				ENABLE_TESTABILITY = YES;
				GCC_C_LANGUAGE_STANDARD = gnu11;
				GCC_DYNAMIC_NO_PIC = NO;
				GCC_NO_COMMON_BLOCKS = YES;
				GCC_OPTIMIZATION_LEVEL = 0;
				GCC_PREPROCESSOR_DEFINITIONS = (
					"DEBUG=1",
					"$(inherited)",
				);
				GCC_WARN_64_TO_32_BIT_CONVERSION = YES;
				GCC_WARN_ABOUT_RETURN_TYPE = YES_ERROR;
				GCC_WARN_UNDECLARED_SELECTOR = YES;
				GCC_WARN_UNINITIALIZED_AUTOS = YES_AGGRESSIVE;
				GCC_WARN_UNUSED_FUNCTION = YES;
				GCC_WARN_UNUSED_VARIABLE = YES;
				HEADER_SEARCH_PATHS = "$(PROJECT_DIR)/OpenSSL/include";
				IPHONEOS_DEPLOYMENT_TARGET = 14.2;
				LIBRARY_SEARCH_PATHS = "$(PROJECT_DIR)/OpenSSL/lib";
				MTL_ENABLE_DEBUG_INFO = INCLUDE_SOURCE;
				MTL_FAST_MATH = YES;
				ONLY_ACTIVE_ARCH = YES;
				SDKROOT = iphoneos;
				SWIFT_ACTIVE_COMPILATION_CONDITIONS = DEBUG;
				SWIFT_OBJC_BRIDGING_HEADER = "InsomniOwl-Bridging-Header.h";
				SWIFT_OPTIMIZATION_LEVEL = "-Onone";
			};
			name = Debug;
		};
		D34650FA253786E700F701EA /* Release */ = {
			isa = XCBuildConfiguration;
			buildSettings = {
				ALWAYS_SEARCH_USER_PATHS = NO;
				CLANG_ANALYZER_NONNULL = YES;
				CLANG_ANALYZER_NUMBER_OBJECT_CONVERSION = YES_AGGRESSIVE;
				CLANG_CXX_LANGUAGE_STANDARD = "gnu++14";
				CLANG_CXX_LIBRARY = "libc++";
				CLANG_ENABLE_MODULES = YES;
				CLANG_ENABLE_OBJC_ARC = YES;
				CLANG_ENABLE_OBJC_WEAK = YES;
				CLANG_WARN_BLOCK_CAPTURE_AUTORELEASING = YES;
				CLANG_WARN_BOOL_CONVERSION = YES;
				CLANG_WARN_COMMA = YES;
				CLANG_WARN_CONSTANT_CONVERSION = YES;
				CLANG_WARN_DEPRECATED_OBJC_IMPLEMENTATIONS = YES;
				CLANG_WARN_DIRECT_OBJC_ISA_USAGE = YES_ERROR;
				CLANG_WARN_DOCUMENTATION_COMMENTS = YES;
				CLANG_WARN_EMPTY_BODY = YES;
				CLANG_WARN_ENUM_CONVERSION = YES;
				CLANG_WARN_INFINITE_RECURSION = YES;
				CLANG_WARN_INT_CONVERSION = YES;
				CLANG_WARN_NON_LITERAL_NULL_CONVERSION = YES;
				CLANG_WARN_OBJC_IMPLICIT_RETAIN_SELF = YES;
				CLANG_WARN_OBJC_LITERAL_CONVERSION = YES;
				CLANG_WARN_OBJC_ROOT_CLASS = YES_ERROR;
				CLANG_WARN_QUOTED_INCLUDE_IN_FRAMEWORK_HEADER = YES;
				CLANG_WARN_RANGE_LOOP_ANALYSIS = YES;
				CLANG_WARN_STRICT_PROTOTYPES = YES;
				CLANG_WARN_SUSPICIOUS_MOVE = YES;
				CLANG_WARN_UNGUARDED_AVAILABILITY = YES_AGGRESSIVE;
				CLANG_WARN_UNREACHABLE_CODE = YES;
				CLANG_WARN__DUPLICATE_METHOD_MATCH = YES;
				COPY_PHASE_STRIP = NO;
				DEBUG_INFORMATION_FORMAT = "dwarf-with-dsym";
				ENABLE_NS_ASSERTIONS = NO;
				ENABLE_STRICT_OBJC_MSGSEND = YES;
				GCC_C_LANGUAGE_STANDARD = gnu11;
				GCC_NO_COMMON_BLOCKS = YES;
				GCC_WARN_64_TO_32_BIT_CONVERSION = YES;
				GCC_WARN_ABOUT_RETURN_TYPE = YES_ERROR;
				GCC_WARN_UNDECLARED_SELECTOR = YES;
				GCC_WARN_UNINITIALIZED_AUTOS = YES_AGGRESSIVE;
				GCC_WARN_UNUSED_FUNCTION = YES;
				GCC_WARN_UNUSED_VARIABLE = YES;
				HEADER_SEARCH_PATHS = "$(PROJECT_DIR)/OpenSSL/include";
				IPHONEOS_DEPLOYMENT_TARGET = 14.2;
				LIBRARY_SEARCH_PATHS = "$(PROJECT_DIR)/OpenSSL/lib";
				MTL_ENABLE_DEBUG_INFO = NO;
				MTL_FAST_MATH = YES;
				SDKROOT = iphoneos;
				SWIFT_COMPILATION_MODE = wholemodule;
				SWIFT_OBJC_BRIDGING_HEADER = "InsomniOwl-Bridging-Header.h";
				SWIFT_OPTIMIZATION_LEVEL = "-O";
				VALIDATE_PRODUCT = YES;
			};
			name = Release;
		};
		D34650FC253786E700F701EA /* Debug */ = {
			isa = XCBuildConfiguration;
			buildSettings = {
				ASSETCATALOG_COMPILER_APPICON_NAME = AppIcon;
				ASSETCATALOG_COMPILER_GLOBAL_ACCENT_COLOR_NAME = AccentColor;
				CODE_SIGN_STYLE = Automatic;
				DEVELOPMENT_ASSET_PATHS = "\"InsomniOwl/Preview Content\"";
				DEVELOPMENT_TEAM = QDKA3FBC46;
				ENABLE_PREVIEWS = YES;
				INFOPLIST_FILE = InsomniOwl/Info.plist;
				IPHONEOS_DEPLOYMENT_TARGET = 14.0;
				LD_RUNPATH_SEARCH_PATHS = (
					"$(inherited)",
					"@executable_path/Frameworks",
				);
				LIBRARY_SEARCH_PATHS = (
					"$(inherited)",
					"$(PROJECT_DIR)/OpenSSL/lib",
				);
				PRODUCT_BUNDLE_IDENTIFIER = com.razeware.course.2020.iap;
				PRODUCT_NAME = "$(TARGET_NAME)";
				SWIFT_VERSION = 5.0;
				TARGETED_DEVICE_FAMILY = 1;
			};
			name = Debug;
		};
		D34650FD253786E700F701EA /* Release */ = {
			isa = XCBuildConfiguration;
			buildSettings = {
				ASSETCATALOG_COMPILER_APPICON_NAME = AppIcon;
				ASSETCATALOG_COMPILER_GLOBAL_ACCENT_COLOR_NAME = AccentColor;
				CODE_SIGN_STYLE = Automatic;
				DEVELOPMENT_ASSET_PATHS = "\"InsomniOwl/Preview Content\"";
				DEVELOPMENT_TEAM = QDKA3FBC46;
				ENABLE_PREVIEWS = YES;
				INFOPLIST_FILE = InsomniOwl/Info.plist;
				IPHONEOS_DEPLOYMENT_TARGET = 14.0;
				LD_RUNPATH_SEARCH_PATHS = (
					"$(inherited)",
					"@executable_path/Frameworks",
				);
				LIBRARY_SEARCH_PATHS = (
					"$(inherited)",
					"$(PROJECT_DIR)/OpenSSL/lib",
				);
				PRODUCT_BUNDLE_IDENTIFIER = com.razeware.course.2020.iap;
				PRODUCT_NAME = "$(TARGET_NAME)";
				SWIFT_VERSION = 5.0;
				TARGETED_DEVICE_FAMILY = 1;
			};
			name = Release;
		};
		D3A585B425799A44005F2A86 /* Debug */ = {
			isa = XCBuildConfiguration;
			buildSettings = {
				BUNDLE_LOADER = "$(TEST_HOST)";
				CODE_SIGN_STYLE = Automatic;
				DEVELOPMENT_TEAM = QDKA3FBC46;
				INFOPLIST_FILE = InsomniOwlTests/Info.plist;
				LD_RUNPATH_SEARCH_PATHS = (
					"$(inherited)",
					"@executable_path/Frameworks",
					"@loader_path/Frameworks",
				);
				PRODUCT_BUNDLE_IDENTIFIER = com.razeware.course.2020.iap.InsomniOwlTests;
				PRODUCT_NAME = "$(TARGET_NAME)";
				SWIFT_VERSION = 5.0;
				TARGETED_DEVICE_FAMILY = "1,2";
				TEST_HOST = "$(BUILT_PRODUCTS_DIR)/InsomniOwl.app/InsomniOwl";
			};
			name = Debug;
		};
		D3A585B525799A44005F2A86 /* Release */ = {
			isa = XCBuildConfiguration;
			buildSettings = {
				BUNDLE_LOADER = "$(TEST_HOST)";
				CODE_SIGN_STYLE = Automatic;
				DEVELOPMENT_TEAM = QDKA3FBC46;
				INFOPLIST_FILE = InsomniOwlTests/Info.plist;
				LD_RUNPATH_SEARCH_PATHS = (
					"$(inherited)",
					"@executable_path/Frameworks",
					"@loader_path/Frameworks",
				);
				PRODUCT_BUNDLE_IDENTIFIER = com.razeware.course.2020.iap.InsomniOwlTests;
				PRODUCT_NAME = "$(TARGET_NAME)";
				SWIFT_VERSION = 5.0;
				TARGETED_DEVICE_FAMILY = "1,2";
				TEST_HOST = "$(BUILT_PRODUCTS_DIR)/InsomniOwl.app/InsomniOwl";
			};
			name = Release;
		};
/* End XCBuildConfiguration section */

/* Begin XCConfigurationList section */
		D34650E7253786E500F701EA /* Build configuration list for PBXProject "InsomniOwl" */ = {
			isa = XCConfigurationList;
			buildConfigurations = (
				D34650F9253786E700F701EA /* Debug */,
				D34650FA253786E700F701EA /* Release */,
			);
			defaultConfigurationIsVisible = 0;
			defaultConfigurationName = Release;
		};
		D34650FB253786E700F701EA /* Build configuration list for PBXNativeTarget "InsomniOwl" */ = {
			isa = XCConfigurationList;
			buildConfigurations = (
				D34650FC253786E700F701EA /* Debug */,
				D34650FD253786E700F701EA /* Release */,
			);
			defaultConfigurationIsVisible = 0;
			defaultConfigurationName = Release;
		};
		D3A585B625799A44005F2A86 /* Build configuration list for PBXNativeTarget "InsomniOwlTests" */ = {
			isa = XCConfigurationList;
			buildConfigurations = (
				D3A585B425799A44005F2A86 /* Debug */,
				D3A585B525799A44005F2A86 /* Release */,
			);
			defaultConfigurationIsVisible = 0;
			defaultConfigurationName = Release;
		};
/* End XCConfigurationList section */

/* Begin XCRemoteSwiftPackageReference section */
		D3A585A325796419005F2A86 /* XCRemoteSwiftPackageReference "SwiftKeychainWrapper" */ = {
			isa = XCRemoteSwiftPackageReference;
			repositoryURL = "https://github.com/jrendel/SwiftKeychainWrapper";
			requirement = {
				kind = upToNextMajorVersion;
				minimumVersion = 4.0.1;
			};
		};
/* End XCRemoteSwiftPackageReference section */

/* Begin XCSwiftPackageProductDependency section */
		D3A585A425796419005F2A86 /* SwiftKeychainWrapper */ = {
			isa = XCSwiftPackageProductDependency;
			package = D3A585A325796419005F2A86 /* XCRemoteSwiftPackageReference "SwiftKeychainWrapper" */;
			productName = SwiftKeychainWrapper;
		};
/* End XCSwiftPackageProductDependency section */
	};
	rootObject = D34650E4253786E500F701EA /* Project object */;
}
